
Microsoft Visual Studio Solution File, Format Version 12.00
# Visual Studio Version 16
VisualStudioVersion = 16.0.29728.190
MinimumVisualStudioVersion = 10.0.40219.1
Project("{9A19103F-16F7-4668-BE54-9A1E7A4F7556}") = "MVC", "401Project\MVC.csproj", "{4E332179-043B-4485-A786-42473054A0EE}"
EndProject
Project("{9A19103F-16F7-4668-BE54-9A1E7A4F7556}") = "Comment_Microservice", "Comment_Microservice\Comment_Microservice.csproj", "{BC8B9121-A0F1-4775-A3B5-E0FC5232633C}"
EndProject
Project("{9A19103F-16F7-4668-BE54-9A1E7A4F7556}") = "ProjectionManager", "ProjectionManager\ProjectionManager.csproj", "{0C0ED5AF-3410-405C-A6B9-D190DF75A476}"
EndProject
Global
	GlobalSection(SolutionConfigurationPlatforms) = preSolution
		Debug|Any CPU = Debug|Any CPU
		Release|Any CPU = Release|Any CPU
	EndGlobalSection
	GlobalSection(ProjectConfigurationPlatforms) = postSolution
		{4E332179-043B-4485-A786-42473054A0EE}.Debug|Any CPU.ActiveCfg = Debug|Any CPU
		{4E332179-043B-4485-A786-42473054A0EE}.Debug|Any CPU.Build.0 = Debug|Any CPU
		{4E332179-043B-4485-A786-42473054A0EE}.Release|Any CPU.ActiveCfg = Release|Any CPU
		{4E332179-043B-4485-A786-42473054A0EE}.Release|Any CPU.Build.0 = Release|Any CPU
		{BC8B9121-A0F1-4775-A3B5-E0FC5232633C}.Debug|Any CPU.ActiveCfg = Debug|Any CPU
		{BC8B9121-A0F1-4775-A3B5-E0FC5232633C}.Debug|Any CPU.Build.0 = Debug|Any CPU
		{BC8B9121-A0F1-4775-A3B5-E0FC5232633C}.Release|Any CPU.ActiveCfg = Release|Any CPU
		{BC8B9121-A0F1-4775-A3B5-E0FC5232633C}.Release|Any CPU.Build.0 = Release|Any CPU
		{0C0ED5AF-3410-405C-A6B9-D190DF75A476}.Debug|Any CPU.ActiveCfg = Debug|Any CPU
		{0C0ED5AF-3410-405C-A6B9-D190DF75A476}.Debug|Any CPU.Build.0 = Debug|Any CPU
		{0C0ED5AF-3410-405C-A6B9-D190DF75A476}.Release|Any CPU.ActiveCfg = Release|Any CPU
		{0C0ED5AF-3410-405C-A6B9-D190DF75A476}.Release|Any CPU.Build.0 = Release|Any CPU
	EndGlobalSection
	GlobalSection(SolutionProperties) = preSolution
		HideSolutionNode = FALSE
	EndGlobalSection
	GlobalSection(ExtensibilityGlobals) = postSolution
		SolutionGuid = {DD2153CA-4D0E-4C0E-976F-9B2162E58111}
	EndGlobalSection
EndGlobal
